
Microsoft Visual Studio Solution File, Format Version 12.00
# Visual Studio Version 16
VisualStudioVersion = 16.0.33801.447
MinimumVisualStudioVersion = 10.0.40219.1
Project("{FAE04EC0-301F-11D3-BF4B-00C04F79EFBC}") = "qlcafe", "qlcafe\qlcafe.csproj", "{6583B1B5-5BD6-4986-8DE6-941A9EB58C60}"
EndProject
Global
	GlobalSection(SolutionConfigurationPlatforms) = preSolution
		Debug|Any CPU = Debug|Any CPU
		Release|Any CPU = Release|Any CPU
	EndGlobalSection
	GlobalSection(ProjectConfigurationPlatforms) = postSolution
		{6583B1B5-5BD6-4986-8DE6-941A9EB58C60}.Debug|Any CPU.ActiveCfg = Debug|Any CPU
		{6583B1B5-5BD6-4986-8DE6-941A9EB58C60}.Debug|Any CPU.Build.0 = Debug|Any CPU
		{6583B1B5-5BD6-4986-8DE6-941A9EB58C60}.Release|Any CPU.ActiveCfg = Release|Any CPU
		{6583B1B5-5BD6-4986-8DE6-941A9EB58C60}.Release|Any CPU.Build.0 = Release|Any CPU
	EndGlobalSection
	GlobalSection(SolutionProperties) = preSolution
		HideSolutionNode = FALSE
	EndGlobalSection
	GlobalSection(ExtensibilityGlobals) = postSolution
		SolutionGuid = {FC70B2B0-25B8-486B-A2BF-AED21EC71EDA}
	EndGlobalSection
EndGlobal
